
Microsoft Visual Studio Solution File, Format Version 12.00
# Visual Studio Version 16
VisualStudioVersion = 16.0.31424.327
MinimumVisualStudioVersion = 10.0.40219.1
Project("{FAE04EC0-301F-11D3-BF4B-00C04F79EFBC}") = "Project1", "Project1.csproj", "{AA2B9841-CCFD-4A66-B3F7-0C69F64A970D}"
EndProject
Global
	GlobalSection(SolutionConfigurationPlatforms) = preSolution
		Debug|Any CPU = Debug|Any CPU
		Release|Any CPU = Release|Any CPU
	EndGlobalSection
	GlobalSection(ProjectConfigurationPlatforms) = postSolution
		{AA2B9841-CCFD-4A66-B3F7-0C69F64A970D}.Debug|Any CPU.ActiveCfg = Debug|Any CPU
		{AA2B9841-CCFD-4A66-B3F7-0C69F64A970D}.Debug|Any CPU.Build.0 = Debug|Any CPU
		{AA2B9841-CCFD-4A66-B3F7-0C69F64A970D}.Release|Any CPU.ActiveCfg = Release|Any CPU
		{AA2B9841-CCFD-4A66-B3F7-0C69F64A970D}.Release|Any CPU.Build.0 = Release|Any CPU
	EndGlobalSection
	GlobalSection(SolutionProperties) = preSolution
		HideSolutionNode = FALSE
	EndGlobalSection
	GlobalSection(ExtensibilityGlobals) = postSolution
		SolutionGuid = {59C45A12-6159-4C33-ACF8-4FBF20C9D493}
	EndGlobalSection
EndGlobal
